# This file is automatically @generated by Cargo.
# It is not intended for manual editing.
version = 4

[[package]]
name = "aho-corasick"
version = "1.1.3"
source = "registry+https://github.com/rust-lang/crates.io-index"
checksum = "8e60d3430d3a69478ad0993f19238d2df97c507009a52b3c10addcd7f6bcb916"
dependencies = [
 "memchr",
]

[[package]]
name = "anyhow"
version = "1.0.99"
source = "registry+https://github.com/rust-lang/crates.io-index"
checksum = "b0674a1ddeecb70197781e945de4b3b8ffb61fa939a5597bcf48503737663100"

[[package]]
name = "async-lock"
version = "3.4.1"
source = "registry+https://github.com/rust-lang/crates.io-index"
checksum = "5fd03604047cee9b6ce9de9f70c6cd540a0520c813cbd49bae61f33ab80ed1dc"
dependencies = [
 "event-listener",
 "event-listener-strategy",
 "pin-project-lite",
]

[[package]]
name = "autocfg"
version = "1.5.0"
source = "registry+https://github.com/rust-lang/crates.io-index"
checksum = "c08606f8c3cbf4ce6ec8e28fb0014a2c086708fe954eaa885384a6165172e7e8"

[[package]]
name = "bitflags"
version = "2.9.4"
source = "registry+https://github.com/rust-lang/crates.io-index"
checksum = "2261d10cca569e4643e526d8dc2e62e433cc8aba21ab764233731f8d369bf394"

[[package]]
name = "block"
version = "0.1.6"
source = "registry+https://github.com/rust-lang/crates.io-index"
checksum = "0d8c1fef690941d3e7788d328517591fecc684c084084702d6ff1641e993699a"

[[package]]
name = "cairo-rs"
version = "0.21.1"
source = "registry+https://github.com/rust-lang/crates.io-index"
checksum = "1158f326d7b755a9ae2b36c5b5391400e3431f3b77418cedb6d7130126628f10"
dependencies = [
 "bitflags",
 "cairo-sys-rs",
 "glib",
 "libc",
]

[[package]]
name = "cairo-sys-rs"
version = "0.21.1"
source = "registry+https://github.com/rust-lang/crates.io-index"
checksum = "b963177900ec8e783927e5ed99e16c0ec1b723f1f125dff8992db28ef35c62c3"
dependencies = [
 "glib-sys",
 "libc",
 "system-deps",
]

[[package]]
name = "cc"
version = "1.2.37"
source = "registry+https://github.com/rust-lang/crates.io-index"
checksum = "65193589c6404eb80b450d618eaf9a2cafaaafd57ecce47370519ef674a7bd44"
dependencies = [
 "find-msvc-tools",
 "shlex",
]

[[package]]
name = "cfg-expr"
version = "0.20.2"
source = "registry+https://github.com/rust-lang/crates.io-index"
checksum = "c8d458d63f0f0f482c8da9b7c8b76c21bd885a02056cc94c6404d861ca2b8206"
dependencies = [
 "smallvec",
 "target-lexicon",
]

[[package]]
name = "cfg-if"
version = "1.0.3"
source = "registry+https://github.com/rust-lang/crates.io-index"
checksum = "2fd1289c04a9ea8cb22300a459a72a385d7c73d3259e2ed7dcb2af674838cfa9"

[[package]]
name = "concurrent-queue"
version = "2.5.0"
source = "registry+https://github.com/rust-lang/crates.io-index"
checksum = "4ca0197aee26d1ae37445ee532fefce43251d24cc7c166799f4d46817f1d3973"
dependencies = [
 "crossbeam-utils",
]

[[package]]
name = "crossbeam-utils"
version = "0.8.21"
source = "registry+https://github.com/rust-lang/crates.io-index"
checksum = "d0a5c400df2834b80a4c3327b3aad3a4c4cd4de0629063962b03235697506a28"

[[package]]
name = "delineate"
version = "0.1.1"
dependencies = [
 "anyhow",
 "async-lock",
 "futures-channel",
 "futures-util",
 "fuzzy-matcher",
 "gettext-rs",
 "gtk4",
 "indexmap",
 "libadwaita",
 "regex",
 "serde",
 "serde_json",
 "sourceview5",
 "tracing",
 "tracing-subscriber",
 "webkit6",
]

[[package]]
name = "equivalent"
version = "1.0.2"
source = "registry+https://github.com/rust-lang/crates.io-index"
checksum = "877a4ace8713b0bcf2a4e7eec82529c029f1d0619886d18145fea96c3ffe5c0f"

[[package]]
name = "event-listener"
version = "5.4.1"
source = "registry+https://github.com/rust-lang/crates.io-index"
checksum = "e13b66accf52311f30a0db42147dadea9850cb48cd070028831ae5f5d4b856ab"
dependencies = [
 "concurrent-queue",
 "parking",
 "pin-project-lite",
]

[[package]]
name = "event-listener-strategy"
version = "0.5.4"
source = "registry+https://github.com/rust-lang/crates.io-index"
checksum = "8be9f3dfaaffdae2972880079a491a1a8bb7cbed0b8dd7a347f668b4150a3b93"
dependencies = [
 "event-listener",
 "pin-project-lite",
]

[[package]]
name = "field-offset"
version = "0.3.6"
source = "registry+https://github.com/rust-lang/crates.io-index"
checksum = "38e2275cc4e4fc009b0669731a1e5ab7ebf11f469eaede2bab9309a5b4d6057f"
dependencies = [
 "memoffset",
 "rustc_version",
]

[[package]]
name = "find-msvc-tools"
version = "0.1.1"
source = "registry+https://github.com/rust-lang/crates.io-index"
checksum = "7fd99930f64d146689264c637b5af2f0233a933bef0d8570e2526bf9e083192d"

[[package]]
name = "futures-channel"
version = "0.3.31"
source = "registry+https://github.com/rust-lang/crates.io-index"
checksum = "2dff15bf788c671c1934e366d07e30c1814a8ef514e1af724a602e8a2fbe1b10"
dependencies = [
 "futures-core",
]

[[package]]
name = "futures-core"
version = "0.3.31"
source = "registry+https://github.com/rust-lang/crates.io-index"
checksum = "05f29059c0c2090612e8d742178b0580d2dc940c837851ad723096f87af6663e"

[[package]]
name = "futures-executor"
version = "0.3.31"
source = "registry+https://github.com/rust-lang/crates.io-index"
checksum = "1e28d1d997f585e54aebc3f97d39e72338912123a67330d723fdbb564d646c9f"
dependencies = [
 "futures-core",
 "futures-task",
 "futures-util",
]

[[package]]
name = "futures-io"
version = "0.3.31"
source = "registry+https://github.com/rust-lang/crates.io-index"
checksum = "9e5c1b78ca4aae1ac06c48a526a655760685149f0d465d21f37abfe57ce075c6"

[[package]]
name = "futures-macro"
version = "0.3.31"
source = "registry+https://github.com/rust-lang/crates.io-index"
checksum = "162ee34ebcb7c64a8abebc059ce0fee27c2262618d7b60ed8faf72fef13c3650"
dependencies = [
 "proc-macro2",
 "quote",
 "syn",
]

[[package]]
name = "futures-task"
version = "0.3.31"
source = "registry+https://github.com/rust-lang/crates.io-index"
checksum = "f90f7dce0722e95104fcb095585910c0977252f286e354b5e3bd38902cd99988"

[[package]]
name = "futures-util"
version = "0.3.31"
source = "registry+https://github.com/rust-lang/crates.io-index"
checksum = "9fa08315bb612088cc391249efdc3bc77536f16c91f6cf495e6fbe85b20a4a81"
dependencies = [
 "futures-core",
 "futures-io",
 "futures-macro",
 "futures-task",
 "memchr",
 "pin-project-lite",
 "pin-utils",
 "slab",
]

[[package]]
name = "fuzzy-matcher"
version = "0.3.7"
source = "registry+https://github.com/rust-lang/crates.io-index"
checksum = "54614a3312934d066701a80f20f15fa3b56d67ac7722b39eea5b4c9dd1d66c94"
dependencies = [
 "thread_local",
]

[[package]]
name = "gdk-pixbuf"
version = "0.21.1"
source = "registry+https://github.com/rust-lang/crates.io-index"
checksum = "3c7330cdbbc653df431331ae3d9d59e985a0fecaf33d74c7c1c5d13ab0245f6c"
dependencies = [
 "gdk-pixbuf-sys",
 "gio",
 "glib",
 "libc",
]

[[package]]
name = "gdk-pixbuf-sys"
version = "0.21.1"
source = "registry+https://github.com/rust-lang/crates.io-index"
checksum = "e25899cc931dc28cba912ebec793b730f53d2d419f90a562fcb29b53bd10aa82"
dependencies = [
 "gio-sys",
 "glib-sys",
 "gobject-sys",
 "libc",
 "system-deps",
]

[[package]]
name = "gdk4"
version = "0.10.0"
source = "registry+https://github.com/rust-lang/crates.io-index"
checksum = "0a67b064d2f35e649232455c7724f56f977555d2608c43300eabc530eaa4e359"
dependencies = [
 "cairo-rs",
 "gdk-pixbuf",
 "gdk4-sys",
 "gio",
 "glib",
 "libc",
 "pango",
]

[[package]]
name = "gdk4-sys"
version = "0.10.0"
source = "registry+https://github.com/rust-lang/crates.io-index"
checksum = "2edbda0d879eb85317bdb49a3da591ed70a804a10776e358ef416be38c6db2c5"
dependencies = [
 "cairo-sys-rs",
 "gdk-pixbuf-sys",
 "gio-sys",
 "glib-sys",
 "gobject-sys",
 "libc",
 "pango-sys",
 "pkg-config",
 "system-deps",
]

[[package]]
name = "gettext-rs"
version = "0.7.2"
source = "registry+https://github.com/rust-lang/crates.io-index"
checksum = "a44e92f7dc08430aca7ed55de161253a22276dfd69c5526e5c5e95d1f7cf338a"
dependencies = [
 "gettext-sys",
 "locale_config",
]

[[package]]
name = "gettext-sys"
version = "0.22.5"
source = "registry+https://github.com/rust-lang/crates.io-index"
checksum = "bb45773f5b8945f12aecd04558f545964f943dacda1b1155b3d738f5469ef661"
dependencies = [
 "cc",
 "temp-dir",
]

[[package]]
name = "gio"
version = "0.21.1"
source = "registry+https://github.com/rust-lang/crates.io-index"
checksum = "52b5e3f390d01b79e30da451dd00e27cd1ac2de81658e3abf6c1fc3229b24c5f"
dependencies = [
 "futures-channel",
 "futures-core",
 "futures-io",
 "futures-util",
 "gio-sys",
 "glib",
 "libc",
 "pin-project-lite",
 "smallvec",
]

[[package]]
name = "gio-sys"
version = "0.21.1"
source = "registry+https://github.com/rust-lang/crates.io-index"
checksum = "a03f2234671e5a588cfe1f59c2b22c103f5772ea351be9cc824a9ce0d06d99fd"
dependencies = [
 "glib-sys",
 "gobject-sys",
 "libc",
 "system-deps",
 "windows-sys 0.60.2",
]

[[package]]
name = "glib"
version = "0.21.1"
source = "registry+https://github.com/rust-lang/crates.io-index"
checksum = "60bdc26493257b5794ba9301f7cbaf7ab0d69a570bfbefa4d7d360e781cb5205"
dependencies = [
 "bitflags",
 "futures-channel",
 "futures-core",
 "futures-executor",
 "futures-task",
 "futures-util",
 "gio-sys",
 "glib-macros",
 "glib-sys",
 "gobject-sys",
 "libc",
 "memchr",
 "smallvec",
]

[[package]]
name = "glib-macros"
version = "0.21.0"
source = "registry+https://github.com/rust-lang/crates.io-index"
checksum = "e772291ebea14c28eb11bb75741f62f4a4894f25e60ce80100797b6b010ef0f9"
dependencies = [
 "heck",
 "proc-macro-crate",
 "proc-macro2",
 "quote",
 "syn",
]

[[package]]
name = "glib-sys"
version = "0.21.1"
source = "registry+https://github.com/rust-lang/crates.io-index"
checksum = "dc7c43cff6a7dc43821e45ebf172399437acd6716fa2186b6852d2b397bf622d"
dependencies = [
 "libc",
 "system-deps",
]

[[package]]
name = "gobject-sys"
version = "0.21.1"
source = "registry+https://github.com/rust-lang/crates.io-index"
checksum = "3e9a190eef2bce144a6aa8434e306974c6062c398e0a33a146d60238f9062d5c"
dependencies = [
 "glib-sys",
 "libc",
 "system-deps",
]

[[package]]
name = "graphene-rs"
version = "0.21.1"
source = "registry+https://github.com/rust-lang/crates.io-index"
checksum = "d96914394464c04df8279c23976293afd53b2588e03c9d8d9662ef6528654a85"
dependencies = [
 "glib",
 "graphene-sys",
 "libc",
]

[[package]]
name = "graphene-sys"
version = "0.21.1"
source = "registry+https://github.com/rust-lang/crates.io-index"
checksum = "cf8205bb19b7a041cf059be3c94d6b23b3f2c6c96362c44311dcf184e4a9422a"
dependencies = [
 "glib-sys",
 "libc",
 "pkg-config",
 "system-deps",
]

[[package]]
name = "gsk4"
version = "0.10.0"
source = "registry+https://github.com/rust-lang/crates.io-index"
checksum = "d5dbe33ceed6fc20def67c03d36e532f5a4a569ae437ae015a7146094f31e10c"
dependencies = [
 "cairo-rs",
 "gdk4",
 "glib",
 "graphene-rs",
 "gsk4-sys",
 "libc",
 "pango",
]

[[package]]
name = "gsk4-sys"
version = "0.10.0"
source = "registry+https://github.com/rust-lang/crates.io-index"
checksum = "8d76011d55dd19fde16ffdedee08877ae6ec942818cfa7bc08a91259bc0b9fc9"
dependencies = [
 "cairo-sys-rs",
 "gdk4-sys",
 "glib-sys",
 "gobject-sys",
 "graphene-sys",
 "libc",
 "pango-sys",
 "system-deps",
]

[[package]]
name = "gtk4"
version = "0.10.0"
source = "registry+https://github.com/rust-lang/crates.io-index"
checksum = "938d68ad43080ad5ee710c30d467c1bc022ee5947856f593855691d726305b3e"
dependencies = [
 "cairo-rs",
 "field-offset",
 "futures-channel",
 "gdk-pixbuf",
 "gdk4",
 "gio",
 "glib",
 "graphene-rs",
 "gsk4",
 "gtk4-macros",
 "gtk4-sys",
 "libc",
 "pango",
]

[[package]]
name = "gtk4-macros"
version = "0.10.0"
source = "registry+https://github.com/rust-lang/crates.io-index"
checksum = "0912d2068695633002b92c5966edc108b2e4f54b58c509d1eeddd4cbceb7315c"
dependencies = [
 "proc-macro-crate",
 "proc-macro2",
 "quote",
 "syn",
]

[[package]]
name = "gtk4-sys"
version = "0.10.0"
source = "registry+https://github.com/rust-lang/crates.io-index"
checksum = "a923bdcf00e46723801162de24432cbce38a6810e0178a2d0b6dd4ecc26a1c74"
dependencies = [
 "cairo-sys-rs",
 "gdk-pixbuf-sys",
 "gdk4-sys",
 "gio-sys",
 "glib-sys",
 "gobject-sys",
 "graphene-sys",
 "gsk4-sys",
 "libc",
 "pango-sys",
 "system-deps",
]

[[package]]
name = "hashbrown"
version = "0.15.5"
source = "registry+https://github.com/rust-lang/crates.io-index"
checksum = "9229cfe53dfd69f0609a49f65461bd93001ea1ef889cd5529dd176593f5338a1"

[[package]]
name = "heck"
version = "0.5.0"
source = "registry+https://github.com/rust-lang/crates.io-index"
checksum = "2304e00983f87ffb38b55b444b5e3b60a884b5d30c0fca7d82fe33449bbe55ea"

[[package]]
name = "indexmap"
version = "2.11.1"
source = "registry+https://github.com/rust-lang/crates.io-index"
checksum = "206a8042aec68fa4a62e8d3f7aa4ceb508177d9324faf261e1959e495b7a1921"
dependencies = [
 "equivalent",
 "hashbrown",
]

[[package]]
name = "itoa"
version = "1.0.15"
source = "registry+https://github.com/rust-lang/crates.io-index"
checksum = "4a5f13b858c8d314ee3e8f639011f7ccefe71f97f96e50151fb991f267928e2c"

[[package]]
name = "javascriptcore6"
version = "0.5.0"
source = "registry+https://github.com/rust-lang/crates.io-index"
checksum = "a9f6cb26e6e70d0f21807bd62f5304edd0094b0b476adb0410cb2bc765131736"
dependencies = [
 "glib",
 "javascriptcore6-sys",
 "libc",
]

[[package]]
name = "javascriptcore6-sys"
version = "0.5.0"
source = "registry+https://github.com/rust-lang/crates.io-index"
checksum = "a67c47e63f3a29c6c78f9d9c5f372e3ca7628ccff77621e54412182e9f83433b"
dependencies = [
 "glib-sys",
 "gobject-sys",
 "libc",
 "system-deps",
]

[[package]]
name = "lazy_static"
version = "1.5.0"
source = "registry+https://github.com/rust-lang/crates.io-index"
checksum = "bbd2bcb4c963f2ddae06a2efc7e9f3591312473c50c6685e1f298068316e66fe"

[[package]]
name = "libadwaita"
version = "0.8.0"
source = "registry+https://github.com/rust-lang/crates.io-index"
checksum = "4df6715d1257bd8c093295b77a276ed129d73543b10304fec5829ced5d5b7c41"
dependencies = [
 "gdk4",
 "gio",
 "glib",
 "gtk4",
 "libadwaita-sys",
 "libc",
 "pango",
]

[[package]]
name = "libadwaita-sys"
version = "0.8.0"
source = "registry+https://github.com/rust-lang/crates.io-index"
checksum = "fdf8950090cc180250cdb1ff859a39748feeda7a53a9f28ead3a17a14cc37ae2"
dependencies = [
 "gdk4-sys",
 "gio-sys",
 "glib-sys",
 "gobject-sys",
 "gtk4-sys",
 "libc",
 "pango-sys",
 "system-deps",
]

[[package]]
name = "libc"
version = "0.2.175"
source = "registry+https://github.com/rust-lang/crates.io-index"
checksum = "6a82ae493e598baaea5209805c49bbf2ea7de956d50d7da0da1164f9c6d28543"

[[package]]
name = "locale_config"
version = "0.3.0"
source = "registry+https://github.com/rust-lang/crates.io-index"
checksum = "08d2c35b16f4483f6c26f0e4e9550717a2f6575bcd6f12a53ff0c490a94a6934"
dependencies = [
 "lazy_static",
 "objc",
 "objc-foundation",
 "regex",
 "winapi",
]

[[package]]
name = "log"
version = "0.4.28"
source = "registry+https://github.com/rust-lang/crates.io-index"
checksum = "34080505efa8e45a4b816c349525ebe327ceaa8559756f0356cba97ef3bf7432"

[[package]]
name = "malloc_buf"
version = "0.0.6"
source = "registry+https://github.com/rust-lang/crates.io-index"
checksum = "62bb907fe88d54d8d9ce32a3cceab4218ed2f6b7d35617cafe9adf84e43919cb"
dependencies = [
 "libc",
]

[[package]]
name = "memchr"
version = "2.7.5"
source = "registry+https://github.com/rust-lang/crates.io-index"
checksum = "32a282da65faaf38286cf3be983213fcf1d2e2a58700e808f83f4ea9a4804bc0"

[[package]]
name = "memoffset"
version = "0.9.1"
source = "registry+https://github.com/rust-lang/crates.io-index"
checksum = "488016bfae457b036d996092f6cb448677611ce4449e970ceaf42695203f218a"
dependencies = [
 "autocfg",
]

[[package]]
name = "nu-ansi-term"
version = "0.50.1"
source = "registry+https://github.com/rust-lang/crates.io-index"
checksum = "d4a28e057d01f97e61255210fcff094d74ed0466038633e95017f5beb68e4399"
dependencies = [
 "windows-sys 0.52.0",
]

[[package]]
name = "objc"
version = "0.2.7"
source = "registry+https://github.com/rust-lang/crates.io-index"
checksum = "915b1b472bc21c53464d6c8461c9d3af805ba1ef837e1cac254428f4a77177b1"
dependencies = [
 "malloc_buf",
]

[[package]]
name = "objc-foundation"
version = "0.1.1"
source = "registry+https://github.com/rust-lang/crates.io-index"
checksum = "1add1b659e36c9607c7aab864a76c7a4c2760cd0cd2e120f3fb8b952c7e22bf9"
dependencies = [
 "block",
 "objc",
 "objc_id",
]

[[package]]
name = "objc_id"
version = "0.1.1"
source = "registry+https://github.com/rust-lang/crates.io-index"
checksum = "c92d4ddb4bd7b50d730c215ff871754d0da6b2178849f8a2a2ab69712d0c073b"
dependencies = [
 "objc",
]

[[package]]
name = "once_cell"
version = "1.21.3"
source = "registry+https://github.com/rust-lang/crates.io-index"
checksum = "42f5e15c9953c5e4ccceeb2e7382a716482c34515315f7b03532b8b4e8393d2d"

[[package]]
name = "pango"
version = "0.21.1"
source = "registry+https://github.com/rust-lang/crates.io-index"
checksum = "ab47feb3403aa564edaeb68620c5b9159f8814733a7dd45f0b1a27d19de362fe"
dependencies = [
 "gio",
 "glib",
 "libc",
 "pango-sys",
]

[[package]]
name = "pango-sys"
version = "0.21.1"
source = "registry+https://github.com/rust-lang/crates.io-index"
checksum = "1f855bccb447644e149fae79086e1f81514c30fe5e9b8bd257d9d3c941116c86"
dependencies = [
 "glib-sys",
 "gobject-sys",
 "libc",
 "system-deps",
]

[[package]]
name = "parking"
version = "2.2.1"
source = "registry+https://github.com/rust-lang/crates.io-index"
checksum = "f38d5652c16fde515bb1ecef450ab0f6a219d619a7274976324d5e377f7dceba"

[[package]]
name = "pin-project-lite"
version = "0.2.16"
source = "registry+https://github.com/rust-lang/crates.io-index"
checksum = "3b3cff922bd51709b605d9ead9aa71031d81447142d828eb4a6eba76fe619f9b"

[[package]]
name = "pin-utils"
version = "0.1.0"
source = "registry+https://github.com/rust-lang/crates.io-index"
checksum = "8b870d8c151b6f2fb93e84a13146138f05d02ed11c7e7c54f8826aaaf7c9f184"

[[package]]
name = "pkg-config"
version = "0.3.32"
source = "registry+https://github.com/rust-lang/crates.io-index"
checksum = "7edddbd0b52d732b21ad9a5fab5c704c14cd949e5e9a1ec5929a24fded1b904c"

[[package]]
name = "proc-macro-crate"
version = "3.3.0"
source = "registry+https://github.com/rust-lang/crates.io-index"
checksum = "edce586971a4dfaa28950c6f18ed55e0406c1ab88bbce2c6f6293a7aaba73d35"
dependencies = [
 "toml_edit",
]

[[package]]
name = "proc-macro2"
version = "1.0.101"
source = "registry+https://github.com/rust-lang/crates.io-index"
checksum = "89ae43fd86e4158d6db51ad8e2b80f313af9cc74f5c0e03ccb87de09998732de"
dependencies = [
 "unicode-ident",
]

[[package]]
name = "quote"
version = "1.0.40"
source = "registry+https://github.com/rust-lang/crates.io-index"
checksum = "1885c039570dc00dcb4ff087a89e185fd56bae234ddc7f056a945bf36467248d"
dependencies = [
 "proc-macro2",
]

[[package]]
name = "regex"
version = "1.11.2"
source = "registry+https://github.com/rust-lang/crates.io-index"
checksum = "23d7fd106d8c02486a8d64e778353d1cffe08ce79ac2e82f540c86d0facf6912"
dependencies = [
 "aho-corasick",
 "memchr",
 "regex-automata",
 "regex-syntax",
]

[[package]]
name = "regex-automata"
version = "0.4.10"
source = "registry+https://github.com/rust-lang/crates.io-index"
checksum = "6b9458fa0bfeeac22b5ca447c63aaf45f28439a709ccd244698632f9aa6394d6"
dependencies = [
 "aho-corasick",
 "memchr",
 "regex-syntax",
]

[[package]]
name = "regex-syntax"
version = "0.8.6"
source = "registry+https://github.com/rust-lang/crates.io-index"
checksum = "caf4aa5b0f434c91fe5c7f1ecb6a5ece2130b02ad2a590589dda5146df959001"

[[package]]
name = "rustc_version"
version = "0.4.1"
source = "registry+https://github.com/rust-lang/crates.io-index"
checksum = "cfcb3a22ef46e85b45de6ee7e79d063319ebb6594faafcf1c225ea92ab6e9b92"
dependencies = [
 "semver",
]

[[package]]
name = "ryu"
version = "1.0.20"
source = "registry+https://github.com/rust-lang/crates.io-index"
checksum = "28d3b2b1366ec20994f1fd18c3c594f05c5dd4bc44d8bb0c1c632c8d6829481f"

[[package]]
name = "semver"
version = "1.0.26"
source = "registry+https://github.com/rust-lang/crates.io-index"
checksum = "56e6fa9c48d24d85fb3de5ad847117517440f6beceb7798af16b4a87d616b8d0"

[[package]]
name = "serde"
version = "1.0.221"
source = "registry+https://github.com/rust-lang/crates.io-index"
checksum = "341877e04a22458705eb4e131a1508483c877dca2792b3781d4e5d8a6019ec43"
dependencies = [
 "serde_core",
 "serde_derive",
]

[[package]]
name = "serde_core"
version = "1.0.221"
source = "registry+https://github.com/rust-lang/crates.io-index"
checksum = "0c459bc0a14c840cb403fc14b148620de1e0778c96ecd6e0c8c3cacb6d8d00fe"
dependencies = [
 "serde_derive",
]

[[package]]
name = "serde_derive"
version = "1.0.221"
source = "registry+https://github.com/rust-lang/crates.io-index"
checksum = "d6185cf75117e20e62b1ff867b9518577271e58abe0037c40bb4794969355ab0"
dependencies = [
 "proc-macro2",
 "quote",
 "syn",
]

[[package]]
name = "serde_json"
version = "1.0.144"
source = "registry+https://github.com/rust-lang/crates.io-index"
checksum = "56177480b00303e689183f110b4e727bb4211d692c62d4fcd16d02be93077d40"
dependencies = [
 "itoa",
 "memchr",
 "ryu",
 "serde_core",
]

[[package]]
name = "serde_spanned"
version = "0.6.9"
source = "registry+https://github.com/rust-lang/crates.io-index"
checksum = "bf41e0cfaf7226dca15e8197172c295a782857fcb97fad1808a166870dee75a3"
dependencies = [
 "serde",
]

[[package]]
name = "sharded-slab"
version = "0.1.7"
source = "registry+https://github.com/rust-lang/crates.io-index"
checksum = "f40ca3c46823713e0d4209592e8d6e826aa57e928f09752619fc696c499637f6"
dependencies = [
 "lazy_static",
]

[[package]]
name = "shlex"
version = "1.3.0"
source = "registry+https://github.com/rust-lang/crates.io-index"
checksum = "0fda2ff0d084019ba4d7c6f371c95d8fd75ce3524c3cb8fb653a3023f6323e64"

[[package]]
name = "slab"
version = "0.4.11"
source = "registry+https://github.com/rust-lang/crates.io-index"
checksum = "7a2ae44ef20feb57a68b23d846850f861394c2e02dc425a50098ae8c90267589"

[[package]]
name = "smallvec"
version = "1.15.1"
source = "registry+https://github.com/rust-lang/crates.io-index"
checksum = "67b1b7a3b5fe4f1376887184045fcf45c69e92af734b7aaddc05fb777b6fbd03"

[[package]]
name = "soup3"
version = "0.8.0"
source = "registry+https://github.com/rust-lang/crates.io-index"
checksum = "d44d8fc55afd18491c0cce8a5c66e48f6d4b2db8a68c90a0e3c1b50665eaac74"
dependencies = [
 "futures-channel",
 "gio",
 "glib",
 "libc",
 "soup3-sys",
]

[[package]]
name = "soup3-sys"
version = "0.8.0"
source = "registry+https://github.com/rust-lang/crates.io-index"
checksum = "5e018383cf56cc1e2f5f9a5b7b6c46531767aa58be8788dc5b3a338380a920f7"
dependencies = [
 "gio-sys",
 "glib-sys",
 "gobject-sys",
 "libc",
 "system-deps",
]

[[package]]
name = "sourceview5"
version = "0.10.0"
source = "registry+https://github.com/rust-lang/crates.io-index"
checksum = "6e4acb02162917d7b689c84f4ed710c22302c67c7e61da28a4e8ac548c04442c"
dependencies = [
 "futures-channel",
 "futures-core",
 "gdk-pixbuf",
 "gdk4",
 "gio",
 "glib",
 "gtk4",
 "libc",
 "pango",
 "sourceview5-sys",
]

[[package]]
name = "sourceview5-sys"
version = "0.10.1"
source = "registry+https://github.com/rust-lang/crates.io-index"
checksum = "e1c1529de5df2653788828ef71d44b113bb80e496bc17315f4122106bd6eebae"
dependencies = [
 "gdk-pixbuf-sys",
 "gdk4-sys",
 "gio-sys",
 "glib-sys",
 "gobject-sys",
 "gtk4-sys",
 "libc",
 "pango-sys",
 "system-deps",
]

[[package]]
name = "syn"
version = "2.0.106"
source = "registry+https://github.com/rust-lang/crates.io-index"
checksum = "ede7c438028d4436d71104916910f5bb611972c5cfd7f89b8300a8186e6fada6"
dependencies = [
 "proc-macro2",
 "quote",
 "unicode-ident",
]

[[package]]
name = "system-deps"
version = "7.0.5"
source = "registry+https://github.com/rust-lang/crates.io-index"
checksum = "e4be53aa0cba896d2dc615bd42bbc130acdcffa239e0a2d965ea5b3b2a86ffdb"
dependencies = [
 "cfg-expr",
 "heck",
 "pkg-config",
 "toml",
 "version-compare",
]

[[package]]
name = "target-lexicon"
version = "0.13.2"
source = "registry+https://github.com/rust-lang/crates.io-index"
checksum = "e502f78cdbb8ba4718f566c418c52bc729126ffd16baee5baa718cf25dd5a69a"

[[package]]
name = "temp-dir"
version = "0.1.16"
source = "registry+https://github.com/rust-lang/crates.io-index"
checksum = "83176759e9416cf81ee66cb6508dbfe9c96f20b8b56265a39917551c23c70964"

[[package]]
name = "thread_local"
version = "1.1.9"
source = "registry+https://github.com/rust-lang/crates.io-index"
checksum = "f60246a4944f24f6e018aa17cdeffb7818b76356965d03b07d6a9886e8962185"
dependencies = [
 "cfg-if",
]

[[package]]
name = "toml"
version = "0.8.23"
source = "registry+https://github.com/rust-lang/crates.io-index"
checksum = "dc1beb996b9d83529a9e75c17a1686767d148d70663143c7854d8b4a09ced362"
dependencies = [
 "serde",
 "serde_spanned",
 "toml_datetime",
 "toml_edit",
]

[[package]]
name = "toml_datetime"
version = "0.6.11"
source = "registry+https://github.com/rust-lang/crates.io-index"
checksum = "22cddaf88f4fbc13c51aebbf5f8eceb5c7c5a9da2ac40a13519eb5b0a0e8f11c"
dependencies = [
 "serde",
]

[[package]]
name = "toml_edit"
version = "0.22.27"
source = "registry+https://github.com/rust-lang/crates.io-index"
checksum = "41fe8c660ae4257887cf66394862d21dbca4a6ddd26f04a3560410406a2f819a"
dependencies = [
 "indexmap",
 "serde",
 "serde_spanned",
 "toml_datetime",
 "winnow",
]

[[package]]
name = "tracing"
version = "0.1.41"
source = "registry+https://github.com/rust-lang/crates.io-index"
checksum = "784e0ac535deb450455cbfa28a6f0df145ea1bb7ae51b821cf5e7927fdcfbdd0"
dependencies = [
 "pin-project-lite",
 "tracing-attributes",
 "tracing-core",
]

[[package]]
name = "tracing-attributes"
version = "0.1.30"
source = "registry+https://github.com/rust-lang/crates.io-index"
checksum = "81383ab64e72a7a8b8e13130c49e3dab29def6d0c7d76a03087b3cf71c5c6903"
dependencies = [
 "proc-macro2",
 "quote",
 "syn",
]

[[package]]
name = "tracing-core"
version = "0.1.34"
source = "registry+https://github.com/rust-lang/crates.io-index"
checksum = "b9d12581f227e93f094d3af2ae690a574abb8a2b9b7a96e7cfe9647b2b617678"
dependencies = [
 "once_cell",
 "valuable",
]

[[package]]
name = "tracing-log"
version = "0.2.0"
source = "registry+https://github.com/rust-lang/crates.io-index"
checksum = "ee855f1f400bd0e5c02d150ae5de3840039a3f54b025156404e34c23c03f47c3"
dependencies = [
 "log",
 "once_cell",
 "tracing-core",
]

[[package]]
name = "tracing-subscriber"
version = "0.3.20"
source = "registry+https://github.com/rust-lang/crates.io-index"
checksum = "2054a14f5307d601f88daf0553e1cbf472acc4f2c51afab632431cdcd72124d5"
dependencies = [
 "nu-ansi-term",
 "sharded-slab",
 "smallvec",
 "thread_local",
 "tracing-core",
 "tracing-log",
]

[[package]]
name = "unicode-ident"
version = "1.0.19"
source = "registry+https://github.com/rust-lang/crates.io-index"
checksum = "f63a545481291138910575129486daeaf8ac54aee4387fe7906919f7830c7d9d"

[[package]]
name = "valuable"
version = "0.1.1"
source = "registry+https://github.com/rust-lang/crates.io-index"
checksum = "ba73ea9cf16a25df0c8caa16c51acb937d5712a8429db78a3ee29d5dcacd3a65"

[[package]]
name = "version-compare"
version = "0.2.0"
source = "registry+https://github.com/rust-lang/crates.io-index"
checksum = "852e951cb7832cb45cb1169900d19760cfa39b82bc0ea9c0e5a14ae88411c98b"

[[package]]
name = "webkit6"
version = "0.5.0"
source = "registry+https://github.com/rust-lang/crates.io-index"
checksum = "bad37100b83a482d3a6742bc61c92279dac04bcbbfe4594dff6c5336fc076f5c"
dependencies = [
 "gdk4",
 "gio",
 "glib",
 "gtk4",
 "javascriptcore6",
 "libc",
 "soup3",
 "webkit6-sys",
]

[[package]]
name = "webkit6-sys"
version = "0.5.0"
source = "registry+https://github.com/rust-lang/crates.io-index"
checksum = "5ac8187279534b19b34396aaf5ddfee820590f6371680d140d422fa580028c94"
dependencies = [
 "gdk4-sys",
 "gio-sys",
 "glib-sys",
 "gobject-sys",
 "gtk4-sys",
 "javascriptcore6-sys",
 "libc",
 "soup3-sys",
 "system-deps",
]

[[package]]
name = "winapi"
version = "0.3.9"
source = "registry+https://github.com/rust-lang/crates.io-index"
checksum = "5c839a674fcd7a98952e593242ea400abe93992746761e38641405d28b00f419"
dependencies = [
 "winapi-i686-pc-windows-gnu",
 "winapi-x86_64-pc-windows-gnu",
]

[[package]]
name = "winapi-i686-pc-windows-gnu"
version = "0.4.0"
source = "registry+https://github.com/rust-lang/crates.io-index"
checksum = "ac3b87c63620426dd9b991e5ce0329eff545bccbbb34f3be09ff6fb6ab51b7b6"

[[package]]
name = "winapi-x86_64-pc-windows-gnu"
version = "0.4.0"
source = "registry+https://github.com/rust-lang/crates.io-index"
checksum = "712e227841d057c1ee1cd2fb22fa7e5a5461ae8e48fa2ca79ec42cfc1931183f"

[[package]]
name = "windows-link"
version = "0.1.3"
source = "registry+https://github.com/rust-lang/crates.io-index"
checksum = "5e6ad25900d524eaabdbbb96d20b4311e1e7ae1699af4fb28c17ae66c80d798a"

[[package]]
name = "windows-sys"
version = "0.52.0"
source = "registry+https://github.com/rust-lang/crates.io-index"
checksum = "282be5f36a8ce781fad8c8ae18fa3f9beff57ec1b52cb3de0789201425d9a33d"
dependencies = [
 "windows-targets 0.52.6",
]

[[package]]
name = "windows-sys"
version = "0.60.2"
source = "registry+https://github.com/rust-lang/crates.io-index"
checksum = "f2f500e4d28234f72040990ec9d39e3a6b950f9f22d3dba18416c35882612bcb"
dependencies = [
 "windows-targets 0.53.3",
]

[[package]]
name = "windows-targets"
version = "0.52.6"
source = "registry+https://github.com/rust-lang/crates.io-index"
checksum = "9b724f72796e036ab90c1021d4780d4d3d648aca59e491e6b98e725b84e99973"
dependencies = [
 "windows_aarch64_gnullvm 0.52.6",
 "windows_aarch64_msvc 0.52.6",
 "windows_i686_gnu 0.52.6",
 "windows_i686_gnullvm 0.52.6",
 "windows_i686_msvc 0.52.6",
 "windows_x86_64_gnu 0.52.6",
 "windows_x86_64_gnullvm 0.52.6",
 "windows_x86_64_msvc 0.52.6",
]

[[package]]
name = "windows-targets"
version = "0.53.3"
source = "registry+https://github.com/rust-lang/crates.io-index"
checksum = "d5fe6031c4041849d7c496a8ded650796e7b6ecc19df1a431c1a363342e5dc91"
dependencies = [
 "windows-link",
 "windows_aarch64_gnullvm 0.53.0",
 "windows_aarch64_msvc 0.53.0",
 "windows_i686_gnu 0.53.0",
 "windows_i686_gnullvm 0.53.0",
 "windows_i686_msvc 0.53.0",
 "windows_x86_64_gnu 0.53.0",
 "windows_x86_64_gnullvm 0.53.0",
 "windows_x86_64_msvc 0.53.0",
]

[[package]]
name = "windows_aarch64_gnullvm"
version = "0.52.6"
source = "registry+https://github.com/rust-lang/crates.io-index"
checksum = "32a4622180e7a0ec044bb555404c800bc9fd9ec262ec147edd5989ccd0c02cd3"

[[package]]
name = "windows_aarch64_gnullvm"
version = "0.53.0"
source = "registry+https://github.com/rust-lang/crates.io-index"
checksum = "86b8d5f90ddd19cb4a147a5fa63ca848db3df085e25fee3cc10b39b6eebae764"

[[package]]
name = "windows_aarch64_msvc"
version = "0.52.6"
source = "registry+https://github.com/rust-lang/crates.io-index"
checksum = "09ec2a7bb152e2252b53fa7803150007879548bc709c039df7627cabbd05d469"

[[package]]
name = "windows_aarch64_msvc"
version = "0.53.0"
source = "registry+https://github.com/rust-lang/crates.io-index"
checksum = "c7651a1f62a11b8cbd5e0d42526e55f2c99886c77e007179efff86c2b137e66c"

[[package]]
name = "windows_i686_gnu"
version = "0.52.6"
source = "registry+https://github.com/rust-lang/crates.io-index"
checksum = "8e9b5ad5ab802e97eb8e295ac6720e509ee4c243f69d781394014ebfe8bbfa0b"

[[package]]
name = "windows_i686_gnu"
version = "0.53.0"
source = "registry+https://github.com/rust-lang/crates.io-index"
checksum = "c1dc67659d35f387f5f6c479dc4e28f1d4bb90ddd1a5d3da2e5d97b42d6272c3"

[[package]]
name = "windows_i686_gnullvm"
version = "0.52.6"
source = "registry+https://github.com/rust-lang/crates.io-index"
checksum = "0eee52d38c090b3caa76c563b86c3a4bd71ef1a819287c19d586d7334ae8ed66"

[[package]]
name = "windows_i686_gnullvm"
version = "0.53.0"
source = "registry+https://github.com/rust-lang/crates.io-index"
checksum = "9ce6ccbdedbf6d6354471319e781c0dfef054c81fbc7cf83f338a4296c0cae11"

[[package]]
name = "windows_i686_msvc"
version = "0.52.6"
source = "registry+https://github.com/rust-lang/crates.io-index"
checksum = "240948bc05c5e7c6dabba28bf89d89ffce3e303022809e73deaefe4f6ec56c66"

[[package]]
name = "windows_i686_msvc"
version = "0.53.0"
source = "registry+https://github.com/rust-lang/crates.io-index"
checksum = "581fee95406bb13382d2f65cd4a908ca7b1e4c2f1917f143ba16efe98a589b5d"

[[package]]
name = "windows_x86_64_gnu"
version = "0.52.6"
source = "registry+https://github.com/rust-lang/crates.io-index"
checksum = "147a5c80aabfbf0c7d901cb5895d1de30ef2907eb21fbbab29ca94c5b08b1a78"

[[package]]
name = "windows_x86_64_gnu"
version = "0.53.0"
source = "registry+https://github.com/rust-lang/crates.io-index"
checksum = "2e55b5ac9ea33f2fc1716d1742db15574fd6fc8dadc51caab1c16a3d3b4190ba"

[[package]]
name = "windows_x86_64_gnullvm"
version = "0.52.6"
source = "registry+https://github.com/rust-lang/crates.io-index"
checksum = "24d5b23dc417412679681396f2b49f3de8c1473deb516bd34410872eff51ed0d"

[[package]]
name = "windows_x86_64_gnullvm"
version = "0.53.0"
source = "registry+https://github.com/rust-lang/crates.io-index"
checksum = "0a6e035dd0599267ce1ee132e51c27dd29437f63325753051e71dd9e42406c57"

[[package]]
name = "windows_x86_64_msvc"
version = "0.52.6"
source = "registry+https://github.com/rust-lang/crates.io-index"
checksum = "589f6da84c646204747d1270a2a5661ea66ed1cced2631d546fdfb155959f9ec"

[[package]]
name = "windows_x86_64_msvc"
version = "0.53.0"
source = "registry+https://github.com/rust-lang/crates.io-index"
checksum = "271414315aff87387382ec3d271b52d7ae78726f5d44ac98b4f4030c91880486"

[[package]]
name = "winnow"
version = "0.7.13"
source = "registry+https://github.com/rust-lang/crates.io-index"
checksum = "21a0236b59786fed61e2a80582dd500fe61f18b5dca67a4a067d0bc9039339cf"
dependencies = [
 "memchr",
]
